
Microsoft Visual Studio Solution File, Format Version 12.00
# Visual Studio Version 17
VisualStudioVersion = 17.4.33213.308
MinimumVisualStudioVersion = 10.0.40219.1
Project("{9A19103F-16F7-4668-BE54-9A1E7A4F7556}") = "Appointment_Booking_Software", "Assignment_Two\Appointment_Booking_Software.csproj", "{AC00DEB4-D264-49FB-96F5-37D766746244}"
EndProject
Global
	GlobalSection(SolutionConfigurationPlatforms) = preSolution
		Debug|Any CPU = Debug|Any CPU
		Release|Any CPU = Release|Any CPU
	EndGlobalSection
	GlobalSection(ProjectConfigurationPlatforms) = postSolution
		{AC00DEB4-D264-49FB-96F5-37D766746244}.Debug|Any CPU.ActiveCfg = Debug|Any CPU
		{AC00DEB4-D264-49FB-96F5-37D766746244}.Debug|Any CPU.Build.0 = Debug|Any CPU
		{AC00DEB4-D264-49FB-96F5-37D766746244}.Release|Any CPU.ActiveCfg = Release|Any CPU
		{AC00DEB4-D264-49FB-96F5-37D766746244}.Release|Any CPU.Build.0 = Release|Any CPU
	EndGlobalSection
	GlobalSection(SolutionProperties) = preSolution
		HideSolutionNode = FALSE
	EndGlobalSection
	GlobalSection(ExtensibilityGlobals) = postSolution
		SolutionGuid = {00C480B2-C692-4955-BC58-39A118741CC5}
	EndGlobalSection
EndGlobal
